
Microsoft Visual Studio Solution File, Format Version 12.00
Project("{2150E333-8FDC-42A3-9474-1A3956D46DE8}") = "src", "src", "{0ADBAA3E-1700-4C47-8527-723A6DE71944}"
EndProject
Project("{2150E333-8FDC-42A3-9474-1A3956D46DE8}") = "tests", "tests", "{DCB44A8B-6BF8-4675-B9DB-C865BAF25570}"
EndProject
Project("{FAE04EC0-301F-11D3-BF4B-00C04F79EFBC}") = "GODBudgets", "src\GODBudgets\GODBudgets.csproj", "{95C03DCC-5E19-44D4-9DD5-7EAF4E25FCFC}"
EndProject
Project("{FAE04EC0-301F-11D3-BF4B-00C04F79EFBC}") = "GODCommon", "src\GODCommon\GODCommon.csproj", "{E6CC0ABC-57BF-4196-AC6E-72D04252ACA8}"
EndProject
Project("{FAE04EC0-301F-11D3-BF4B-00C04F79EFBC}") = "GODOrders", "src\GODOrders\GODOrders.csproj", "{20167FA5-3318-4F50-9F1F-48CA28595F98}"
EndProject
Project("{FAE04EC0-301F-11D3-BF4B-00C04F79EFBC}") = "GODCustomers", "src\GODCustomers\GODCustomers.csproj", "{A5B36DC9-1E6B-4003-B0B8-5F03C68FE98B}"
EndProject
Project("{FAE04EC0-301F-11D3-BF4B-00C04F79EFBC}") = "GODProducts", "src\GODProducts\GODProducts.csproj", "{F956E088-0C14-4566-9ACD-6ABA32744508}"
EndProject
Global
	GlobalSection(SolutionConfigurationPlatforms) = preSolution
		Debug|Any CPU = Debug|Any CPU
		Release|Any CPU = Release|Any CPU
	EndGlobalSection
	GlobalSection(ProjectConfigurationPlatforms) = postSolution
		{95C03DCC-5E19-44D4-9DD5-7EAF4E25FCFC}.Debug|Any CPU.ActiveCfg = Debug|Any CPU
		{95C03DCC-5E19-44D4-9DD5-7EAF4E25FCFC}.Debug|Any CPU.Build.0 = Debug|Any CPU
		{95C03DCC-5E19-44D4-9DD5-7EAF4E25FCFC}.Release|Any CPU.ActiveCfg = Release|Any CPU
		{95C03DCC-5E19-44D4-9DD5-7EAF4E25FCFC}.Release|Any CPU.Build.0 = Release|Any CPU
		{E6CC0ABC-57BF-4196-AC6E-72D04252ACA8}.Debug|Any CPU.ActiveCfg = Debug|Any CPU
		{E6CC0ABC-57BF-4196-AC6E-72D04252ACA8}.Debug|Any CPU.Build.0 = Debug|Any CPU
		{E6CC0ABC-57BF-4196-AC6E-72D04252ACA8}.Release|Any CPU.ActiveCfg = Release|Any CPU
		{E6CC0ABC-57BF-4196-AC6E-72D04252ACA8}.Release|Any CPU.Build.0 = Release|Any CPU
		{20167FA5-3318-4F50-9F1F-48CA28595F98}.Debug|Any CPU.ActiveCfg = Debug|Any CPU
		{20167FA5-3318-4F50-9F1F-48CA28595F98}.Debug|Any CPU.Build.0 = Debug|Any CPU
		{20167FA5-3318-4F50-9F1F-48CA28595F98}.Release|Any CPU.ActiveCfg = Release|Any CPU
		{20167FA5-3318-4F50-9F1F-48CA28595F98}.Release|Any CPU.Build.0 = Release|Any CPU
		{A5B36DC9-1E6B-4003-B0B8-5F03C68FE98B}.Debug|Any CPU.ActiveCfg = Debug|Any CPU
		{A5B36DC9-1E6B-4003-B0B8-5F03C68FE98B}.Debug|Any CPU.Build.0 = Debug|Any CPU
		{A5B36DC9-1E6B-4003-B0B8-5F03C68FE98B}.Release|Any CPU.ActiveCfg = Release|Any CPU
		{A5B36DC9-1E6B-4003-B0B8-5F03C68FE98B}.Release|Any CPU.Build.0 = Release|Any CPU
		{F956E088-0C14-4566-9ACD-6ABA32744508}.Debug|Any CPU.ActiveCfg = Debug|Any CPU
		{F956E088-0C14-4566-9ACD-6ABA32744508}.Debug|Any CPU.Build.0 = Debug|Any CPU
		{F956E088-0C14-4566-9ACD-6ABA32744508}.Release|Any CPU.ActiveCfg = Release|Any CPU
		{F956E088-0C14-4566-9ACD-6ABA32744508}.Release|Any CPU.Build.0 = Release|Any CPU
	EndGlobalSection
	GlobalSection(NestedProjects) = preSolution
		{95C03DCC-5E19-44D4-9DD5-7EAF4E25FCFC} = {0ADBAA3E-1700-4C47-8527-723A6DE71944}
		{E6CC0ABC-57BF-4196-AC6E-72D04252ACA8} = {0ADBAA3E-1700-4C47-8527-723A6DE71944}
		{20167FA5-3318-4F50-9F1F-48CA28595F98} = {0ADBAA3E-1700-4C47-8527-723A6DE71944}
		{A5B36DC9-1E6B-4003-B0B8-5F03C68FE98B} = {0ADBAA3E-1700-4C47-8527-723A6DE71944}
		{F956E088-0C14-4566-9ACD-6ABA32744508} = {0ADBAA3E-1700-4C47-8527-723A6DE71944}
	EndGlobalSection
EndGlobal
